
Microsoft Visual Studio Solution File, Format Version 12.00
# Visual Studio Version 17
VisualStudioVersion = 17.9.34723.18
MinimumVisualStudioVersion = 10.0.40219.1
Project("{FAE04EC0-301F-11D3-BF4B-00C04F79EFBC}") = "StringLibrary", "StringLibrary\StringLibrary.csproj", "{65962478-6B22-43C0-AA82-E373A3D7453C}"
EndProject
Global
	GlobalSection(SolutionConfigurationPlatforms) = preSolution
		Debug|Any CPU = Debug|Any CPU
		Release|Any CPU = Release|Any CPU
	EndGlobalSection
	GlobalSection(ProjectConfigurationPlatforms) = postSolution
		{65962478-6B22-43C0-AA82-E373A3D7453C}.Debug|Any CPU.ActiveCfg = Debug|Any CPU
		{65962478-6B22-43C0-AA82-E373A3D7453C}.Debug|Any CPU.Build.0 = Debug|Any CPU
		{65962478-6B22-43C0-AA82-E373A3D7453C}.Release|Any CPU.ActiveCfg = Release|Any CPU
		{65962478-6B22-43C0-AA82-E373A3D7453C}.Release|Any CPU.Build.0 = Release|Any CPU
	EndGlobalSection
	GlobalSection(SolutionProperties) = preSolution
		HideSolutionNode = FALSE
	EndGlobalSection
	GlobalSection(ExtensibilityGlobals) = postSolution
		SolutionGuid = {D74DE5D1-6366-4444-B3EC-C092A89562EB}
	EndGlobalSection
EndGlobal
